<?xml version="1.0" encoding="utf-8"?>
<Project ToolsVersion="4.0" xmlns="http://schemas.microsoft.com/developer/msbuild/2003">
  <ItemGroup>
    <Filter Include="ソース ファイル">
      <UniqueIdentifier>{4FC737F1-C7A5-4376-A066-2A32D752A2FF}</UniqueIdentifier>
      <Extensions>cpp;c;cc;cxx;def;odl;idl;hpj;bat;asm;asmx</Extensions>
    </Filter>
    <Filter Include="ヘッダー ファイル">
      <UniqueIdentifier>{93995380-89BD-4b04-88EB-625FBE52EBFB}</UniqueIdentifier>
      <Extensions>h;hpp;hxx;hm;inl;inc;xsd</Extensions>
    </Filter>
    <Filter Include="リソース ファイル">
      <UniqueIdentifier>{67DA6AB6-F800-4c08-8B7A-83BB121AAD01}</UniqueIdentifier>
      <Extensions>rc;ico;cur;bmp;dlg;rc2;rct;bin;rgs;gif;jpg;jpeg;jpe;resx;tiff;tif;png;wav;mfcribbon-ms</Extensions>
    </Filter>
    <Filter Include="ia32">
      <UniqueIdentifier>{e222e507-6646-4a4f-9cab-a743979b55f7}</UniqueIdentifier>
    </Filter>
    <Filter Include="extensions">
      <UniqueIdentifier>{52b669fe-9f6a-48dd-8a76-2f0cafcc0b8d}</UniqueIdentifier>
    </Filter>
  </ItemGroup>
  <ItemGroup>
    <None Include="ReadMe.txt" />
  </ItemGroup>
  <ItemGroup>
    <ClInclude Include="src\v8utils.h">
      <Filter>ヘッダー ファイル</Filter>
    </ClInclude>
    <ClInclude Include="src\variables.h">
      <Filter>ヘッダー ファイル</Filter>
    </ClInclude>
    <ClInclude Include="src\version.h">
      <Filter>ヘッダー ファイル</Filter>
    </ClInclude>
    <ClInclude Include="src\vm-state.h">
      <Filter>ヘッダー ファイル</Filter>
    </ClInclude>
    <ClInclude Include="src\vm-state-inl.h">
      <Filter>ヘッダー ファイル</Filter>
    </ClInclude>
    <ClInclude Include="src\win32-headers.h">
      <Filter>ヘッダー ファイル</Filter>
    </ClInclude>
    <ClInclude Include="src\win32-math.h">
      <Filter>ヘッダー ファイル</Filter>
    </ClInclude>
    <ClInclude Include="src\zone.h">
      <Filter>ヘッダー ファイル</Filter>
    </ClInclude>
    <ClInclude Include="src\zone-inl.h">
      <Filter>ヘッダー ファイル</Filter>
    </ClInclude>
    <ClInclude Include="src\v8threads.h">
      <Filter>ヘッダー ファイル</Filter>
    </ClInclude>
    <ClInclude Include="src\utils-inl.h">
      <Filter>ヘッダー ファイル</Filter>
    </ClInclude>
    <ClInclude Include="src\v8.h">
      <Filter>ヘッダー ファイル</Filter>
    </ClInclude>
    <ClInclude Include="src\v8checks.h">
      <Filter>ヘッダー ファイル</Filter>
    </ClInclude>
    <ClInclude Include="src\v8conversions.h">
      <Filter>ヘッダー ファイル</Filter>
    </ClInclude>
    <ClInclude Include="src\v8-counters.h">
      <Filter>ヘッダー ファイル</Filter>
    </ClInclude>
    <ClInclude Include="src\v8globals.h">
      <Filter>ヘッダー ファイル</Filter>
    </ClInclude>
    <ClInclude Include="src\v8memory.h">
      <Filter>ヘッダー ファイル</Filter>
    </ClInclude>
    <ClInclude Include="src\utils.h">
      <Filter>ヘッダー ファイル</Filter>
    </ClInclude>
    <ClInclude Include="src\strtod.h">
      <Filter>ヘッダー ファイル</Filter>
    </ClInclude>
    <ClInclude Include="src\stub-cache.h">
      <Filter>ヘッダー ファイル</Filter>
    </ClInclude>
    <ClInclude Include="src\token.h">
      <Filter>ヘッダー ファイル</Filter>
    </ClInclude>
    <ClInclude Include="src\transitions.h">
      <Filter>ヘッダー ファイル</Filter>
    </ClInclude>
    <ClInclude Include="src\transitions-inl.h">
      <Filter>ヘッダー ファイル</Filter>
    </ClInclude>
    <ClInclude Include="src\type-info.h">
      <Filter>ヘッダー ファイル</Filter>
    </ClInclude>
    <ClInclude Include="src\unbound-queue.h">
      <Filter>ヘッダー ファイル</Filter>
    </ClInclude>
    <ClInclude Include="src\unbound-queue-inl.h">
      <Filter>ヘッダー ファイル</Filter>
    </ClInclude>
    <ClInclude Include="src\unicode.h">
      <Filter>ヘッダー ファイル</Filter>
    </ClInclude>
    <ClInclude Include="src\unicode-inl.h">
      <Filter>ヘッダー ファイル</Filter>
    </ClInclude>
    <ClInclude Include="src\string-search.h">
      <Filter>ヘッダー ファイル</Filter>
    </ClInclude>
    <ClInclude Include="src\string-stream.h">
      <Filter>ヘッダー ファイル</Filter>
    </ClInclude>
    <ClInclude Include="src\scopes.h">
      <Filter>ヘッダー ファイル</Filter>
    </ClInclude>
    <ClInclude Include="src\serialize.h">
      <Filter>ヘッダー ファイル</Filter>
    </ClInclude>
    <ClInclude Include="src\simulator.h">
      <Filter>ヘッダー ファイル</Filter>
    </ClInclude>
    <ClInclude Include="src\small-pointer-list.h">
      <Filter>ヘッダー ファイル</Filter>
    </ClInclude>
    <ClInclude Include="src\smart-pointers.h">
      <Filter>ヘッダー ファイル</Filter>
    </ClInclude>
    <ClInclude Include="src\snapshot.h">
      <Filter>ヘッダー ファイル</Filter>
    </ClInclude>
    <ClInclude Include="src\spaces.h">
      <Filter>ヘッダー ファイル</Filter>
    </ClInclude>
    <ClInclude Include="src\spaces-inl.h">
      <Filter>ヘッダー ファイル</Filter>
    </ClInclude>
    <ClInclude Include="src\splay-tree.h">
      <Filter>ヘッダー ファイル</Filter>
    </ClInclude>
    <ClInclude Include="src\splay-tree-inl.h">
      <Filter>ヘッダー ファイル</Filter>
    </ClInclude>
    <ClInclude Include="src\store-buffer.h">
      <Filter>ヘッダー ファイル</Filter>
    </ClInclude>
    <ClInclude Include="src\store-buffer-inl.h">
      <Filter>ヘッダー ファイル</Filter>
    </ClInclude>
    <ClInclude Include="src\scopeinfo.h">
      <Filter>ヘッダー ファイル</Filter>
    </ClInclude>
    <ClInclude Include="src\regexp-macro-assembler-irregexp-inl.h">
      <Filter>ヘッダー ファイル</Filter>
    </ClInclude>
    <ClInclude Include="src\regexp-macro-assembler-tracer.h">
      <Filter>ヘッダー ファイル</Filter>
    </ClInclude>
    <ClInclude Include="src\regexp-stack.h">
      <Filter>ヘッダー ファイル</Filter>
    </ClInclude>
    <ClInclude Include="src\rewriter.h">
      <Filter>ヘッダー ファイル</Filter>
    </ClInclude>
    <ClInclude Include="src\runtime.h">
      <Filter>ヘッダー ファイル</Filter>
    </ClInclude>
    <ClInclude Include="src\regexp-macro-assembler.h">
      <Filter>ヘッダー ファイル</Filter>
    </ClInclude>
    <ClInclude Include="src\regexp-macro-assembler-irregexp.h">
      <Filter>ヘッダー ファイル</Filter>
    </ClInclude>
    <ClInclude Include="src\platform-tls-win32.h">
      <Filter>ヘッダー ファイル</Filter>
    </ClInclude>
    <ClInclude Include="src\preparse-data.h">
      <Filter>ヘッダー ファイル</Filter>
    </ClInclude>
    <ClInclude Include="src\preparse-data-format.h">
      <Filter>ヘッダー ファイル</Filter>
    </ClInclude>
    <ClInclude Include="src\preparser.h">
      <Filter>ヘッダー ファイル</Filter>
    </ClInclude>
    <ClInclude Include="src\prettyprinter.h">
      <Filter>ヘッダー ファイル</Filter>
    </ClInclude>
    <ClInclude Include="src\profile-generator.h">
      <Filter>ヘッダー ファイル</Filter>
    </ClInclude>
    <ClInclude Include="src\profile-generator-inl.h">
      <Filter>ヘッダー ファイル</Filter>
    </ClInclude>
    <ClInclude Include="src\property.h">
      <Filter>ヘッダー ファイル</Filter>
    </ClInclude>
    <ClInclude Include="src\property-details.h">
      <Filter>ヘッダー ファイル</Filter>
    </ClInclude>
    <ClInclude Include="src\platform-tls.h">
      <Filter>ヘッダー ファイル</Filter>
    </ClInclude>
    <ClInclude Include="src\platform-tls-mac.h">
      <Filter>ヘッダー ファイル</Filter>
    </ClInclude>
    <ClInclude Include="src\objects.h">
      <Filter>ヘッダー ファイル</Filter>
    </ClInclude>
    <ClInclude Include="src\objects-inl.h">
      <Filter>ヘッダー ファイル</Filter>
    </ClInclude>
    <ClInclude Include="src\objects-visiting.h">
      <Filter>ヘッダー ファイル</Filter>
    </ClInclude>
    <ClInclude Include="src\objects-visiting-inl.h">
      <Filter>ヘッダー ファイル</Filter>
    </ClInclude>
    <ClInclude Include="src\once.h">
      <Filter>ヘッダー ファイル</Filter>
    </ClInclude>
    <ClInclude Include="src\optimizing-compiler-thread.h">
      <Filter>ヘッダー ファイル</Filter>
    </ClInclude>
    <ClInclude Include="src\parser.h">
      <Filter>ヘッダー ファイル</Filter>
    </ClInclude>
    <ClInclude Include="src\platform.h">
      <Filter>ヘッダー ファイル</Filter>
    </ClInclude>
    <ClInclude Include="src\misc-intrinsics.h">
      <Filter>ヘッダー ファイル</Filter>
    </ClInclude>
    <ClInclude Include="src\natives.h">
      <Filter>ヘッダー ファイル</Filter>
    </ClInclude>
    <ClInclude Include="src\messages.h">
      <Filter>ヘッダー ファイル</Filter>
    </ClInclude>
    <ClInclude Include="src\mark-compact.h">
      <Filter>ヘッダー ファイル</Filter>
    </ClInclude>
    <ClInclude Include="src\mark-compact-inl.h">
      <Filter>ヘッダー ファイル</Filter>
    </ClInclude>
    <ClInclude Include="src\log-inl.h">
      <Filter>ヘッダー ファイル</Filter>
    </ClInclude>
    <ClInclude Include="src\log-utils.h">
      <Filter>ヘッダー ファイル</Filter>
    </ClInclude>
    <ClInclude Include="src\macro-assembler.h">
      <Filter>ヘッダー ファイル</Filter>
    </ClInclude>
    <ClInclude Include="src\liveobjectlist.h">
      <Filter>ヘッダー ファイル</Filter>
    </ClInclude>
    <ClInclude Include="src\liveobjectlist-inl.h">
      <Filter>ヘッダー ファイル</Filter>
    </ClInclude>
    <ClInclude Include="src\log.h">
      <Filter>ヘッダー ファイル</Filter>
    </ClInclude>
    <ClInclude Include="src\jsregexp.h">
      <Filter>ヘッダー ファイル</Filter>
    </ClInclude>
    <ClInclude Include="src\lazy-instance.h">
      <Filter>ヘッダー ファイル</Filter>
    </ClInclude>
    <ClInclude Include="src\list.h">
      <Filter>ヘッダー ファイル</Filter>
    </ClInclude>
    <ClInclude Include="src\list-inl.h">
      <Filter>ヘッダー ファイル</Filter>
    </ClInclude>
    <ClInclude Include="src\lithium.h">
      <Filter>ヘッダー ファイル</Filter>
    </ClInclude>
    <ClInclude Include="src\lithium-allocator.h">
      <Filter>ヘッダー ファイル</Filter>
    </ClInclude>
    <ClInclude Include="src\lithium-allocator-inl.h">
      <Filter>ヘッダー ファイル</Filter>
    </ClInclude>
    <ClInclude Include="src\liveedit.h">
      <Filter>ヘッダー ファイル</Filter>
    </ClInclude>
    <ClInclude Include="src\json-parser.h">
      <Filter>ヘッダー ファイル</Filter>
    </ClInclude>
    <ClInclude Include="src\disassembler.h">
      <Filter>ヘッダー ファイル</Filter>
    </ClInclude>
    <ClInclude Include="src\diy-fp.h">
      <Filter>ヘッダー ファイル</Filter>
    </ClInclude>
    <ClInclude Include="src\double.h">
      <Filter>ヘッダー ファイル</Filter>
    </ClInclude>
    <ClInclude Include="src\dtoa.h">
      <Filter>ヘッダー ファイル</Filter>
    </ClInclude>
    <ClInclude Include="src\elements.h">
      <Filter>ヘッダー ファイル</Filter>
    </ClInclude>
    <ClInclude Include="src\elements-kind.h">
      <Filter>ヘッダー ファイル</Filter>
    </ClInclude>
    <ClInclude Include="src\execution.h">
      <Filter>ヘッダー ファイル</Filter>
    </ClInclude>
    <ClInclude Include="src\factory.h">
      <Filter>ヘッダー ファイル</Filter>
    </ClInclude>
    <ClInclude Include="src\fast-dtoa.h">
      <Filter>ヘッダー ファイル</Filter>
    </ClInclude>
    <ClInclude Include="src\fixed-dtoa.h">
      <Filter>ヘッダー ファイル</Filter>
    </ClInclude>
    <ClInclude Include="src\flag-definitions.h">
      <Filter>ヘッダー ファイル</Filter>
    </ClInclude>
    <ClInclude Include="src\flags.h">
      <Filter>ヘッダー ファイル</Filter>
    </ClInclude>
    <ClInclude Include="src\frames.h">
      <Filter>ヘッダー ファイル</Filter>
    </ClInclude>
    <ClInclude Include="src\frames-inl.h">
      <Filter>ヘッダー ファイル</Filter>
    </ClInclude>
    <ClInclude Include="src\full-codegen.h">
      <Filter>ヘッダー ファイル</Filter>
    </ClInclude>
    <ClInclude Include="src\func-name-inferrer.h">
      <Filter>ヘッダー ファイル</Filter>
    </ClInclude>
    <ClInclude Include="src\gdb-jit.h">
      <Filter>ヘッダー ファイル</Filter>
    </ClInclude>
    <ClInclude Include="src\global-handles.h">
      <Filter>ヘッダー ファイル</Filter>
    </ClInclude>
    <ClInclude Include="src\globals.h">
      <Filter>ヘッダー ファイル</Filter>
    </ClInclude>
    <ClInclude Include="src\handles.h">
      <Filter>ヘッダー ファイル</Filter>
    </ClInclude>
    <ClInclude Include="src\handles-inl.h">
      <Filter>ヘッダー ファイル</Filter>
    </ClInclude>
    <ClInclude Include="src\hashmap.h">
      <Filter>ヘッダー ファイル</Filter>
    </ClInclude>
    <ClInclude Include="src\heap.h">
      <Filter>ヘッダー ファイル</Filter>
    </ClInclude>
    <ClInclude Include="src\heap-inl.h">
      <Filter>ヘッダー ファイル</Filter>
    </ClInclude>
    <ClInclude Include="src\heap-profiler.h">
      <Filter>ヘッダー ファイル</Filter>
    </ClInclude>
    <ClInclude Include="src\hydrogen.h">
      <Filter>ヘッダー ファイル</Filter>
    </ClInclude>
    <ClInclude Include="src\hydrogen-instructions.h">
      <Filter>ヘッダー ファイル</Filter>
    </ClInclude>
    <ClInclude Include="src\ic.h">
      <Filter>ヘッダー ファイル</Filter>
    </ClInclude>
    <ClInclude Include="src\ic-inl.h">
      <Filter>ヘッダー ファイル</Filter>
    </ClInclude>
    <ClInclude Include="src\incremental-marking.h">
      <Filter>ヘッダー ファイル</Filter>
    </ClInclude>
    <ClInclude Include="src\incremental-marking-inl.h">
      <Filter>ヘッダー ファイル</Filter>
    </ClInclude>
    <ClInclude Include="src\inspector.h">
      <Filter>ヘッダー ファイル</Filter>
    </ClInclude>
    <ClInclude Include="src\interface.h">
      <Filter>ヘッダー ファイル</Filter>
    </ClInclude>
    <ClInclude Include="src\interpreter-irregexp.h">
      <Filter>ヘッダー ファイル</Filter>
    </ClInclude>
    <ClInclude Include="src\isolate.h">
      <Filter>ヘッダー ファイル</Filter>
    </ClInclude>
    <ClInclude Include="src\isolate-inl.h">
      <Filter>ヘッダー ファイル</Filter>
    </ClInclude>
    <ClInclude Include="src\deoptimizer.h">
      <Filter>ヘッダー ファイル</Filter>
    </ClInclude>
    <ClInclude Include="src\disasm.h">
      <Filter>ヘッダー ファイル</Filter>
    </ClInclude>
    <ClInclude Include="src\debug-agent.h">
      <Filter>ヘッダー ファイル</Filter>
    </ClInclude>
    <ClInclude Include="src\dateparser.h">
      <Filter>ヘッダー ファイル</Filter>
    </ClInclude>
    <ClInclude Include="src\dateparser-inl.h">
      <Filter>ヘッダー ファイル</Filter>
    </ClInclude>
    <ClInclude Include="src\debug.h">
      <Filter>ヘッダー ファイル</Filter>
    </ClInclude>
    <ClInclude Include="src\date.h">
      <Filter>ヘッダー ファイル</Filter>
    </ClInclude>
    <ClInclude Include="src\data-flow.h">
      <Filter>ヘッダー ファイル</Filter>
    </ClInclude>
    <ClInclude Include="src\compiler.h">
      <Filter>ヘッダー ファイル</Filter>
    </ClInclude>
    <ClInclude Include="src\compiler-intrinsics.h">
      <Filter>ヘッダー ファイル</Filter>
    </ClInclude>
    <ClInclude Include="src\contexts.h">
      <Filter>ヘッダー ファイル</Filter>
    </ClInclude>
    <ClInclude Include="src\conversions.h">
      <Filter>ヘッダー ファイル</Filter>
    </ClInclude>
    <ClInclude Include="src\conversions-inl.h">
      <Filter>ヘッダー ファイル</Filter>
    </ClInclude>
    <ClInclude Include="src\counters.h">
      <Filter>ヘッダー ファイル</Filter>
    </ClInclude>
    <ClInclude Include="src\cpu.h">
      <Filter>ヘッダー ファイル</Filter>
    </ClInclude>
    <ClInclude Include="src\cpu-profiler.h">
      <Filter>ヘッダー ファイル</Filter>
    </ClInclude>
    <ClInclude Include="src\cpu-profiler-inl.h">
      <Filter>ヘッダー ファイル</Filter>
    </ClInclude>
    <ClInclude Include="src\compilation-cache.h">
      <Filter>ヘッダー ファイル</Filter>
    </ClInclude>
    <ClInclude Include="src\atomicops_internals_x86_msvc.h">
      <Filter>ヘッダー ファイル</Filter>
    </ClInclude>
    <ClInclude Include="src\bignum.h">
      <Filter>ヘッダー ファイル</Filter>
    </ClInclude>
    <ClInclude Include="src\bignum-dtoa.h">
      <Filter>ヘッダー ファイル</Filter>
    </ClInclude>
    <ClInclude Include="src\bootstrapper.h">
      <Filter>ヘッダー ファイル</Filter>
    </ClInclude>
    <ClInclude Include="src\builtins.h">
      <Filter>ヘッダー ファイル</Filter>
    </ClInclude>
    <ClInclude Include="src\bytecodes-irregexp.h">
      <Filter>ヘッダー ファイル</Filter>
    </ClInclude>
    <ClInclude Include="src\cached-powers.h">
      <Filter>ヘッダー ファイル</Filter>
    </ClInclude>
    <ClInclude Include="src\char-predicates.h">
      <Filter>ヘッダー ファイル</Filter>
    </ClInclude>
    <ClInclude Include="src\char-predicates-inl.h">
      <Filter>ヘッダー ファイル</Filter>
    </ClInclude>
    <ClInclude Include="src\checks.h">
      <Filter>ヘッダー ファイル</Filter>
    </ClInclude>
    <ClInclude Include="src\circular-queue.h">
      <Filter>ヘッダー ファイル</Filter>
    </ClInclude>
    <ClInclude Include="src\circular-queue-inl.h">
      <Filter>ヘッダー ファイル</Filter>
    </ClInclude>
    <ClInclude Include="src\code.h">
      <Filter>ヘッダー ファイル</Filter>
    </ClInclude>
    <ClInclude Include="src\codegen.h">
      <Filter>ヘッダー ファイル</Filter>
    </ClInclude>
    <ClInclude Include="src\code-stubs.h">
      <Filter>ヘッダー ファイル</Filter>
    </ClInclude>
    <ClInclude Include="src\atomicops_internals_x86_gcc.h">
      <Filter>ヘッダー ファイル</Filter>
    </ClInclude>
    <ClInclude Include="src\atomicops_internals_x86_macosx.h">
      <Filter>ヘッダー ファイル</Filter>
    </ClInclude>
    <ClInclude Include="src\ast.h">
      <Filter>ヘッダー ファイル</Filter>
    </ClInclude>
    <ClInclude Include="src\atomicops.h">
      <Filter>ヘッダー ファイル</Filter>
    </ClInclude>
    <ClInclude Include="src\assembler.h">
      <Filter>ヘッダー ファイル</Filter>
    </ClInclude>
    <ClInclude Include="src\arguments.h">
      <Filter>ヘッダー ファイル</Filter>
    </ClInclude>
    <ClInclude Include="src\apiutils.h">
      <Filter>ヘッダー ファイル</Filter>
    </ClInclude>
    <ClInclude Include="src\accessors.h">
      <Filter>ヘッダー ファイル</Filter>
    </ClInclude>
    <ClInclude Include="src\allocation.h">
      <Filter>ヘッダー ファイル</Filter>
    </ClInclude>
    <ClInclude Include="src\allocation-inl.h">
      <Filter>ヘッダー ファイル</Filter>
    </ClInclude>
    <ClInclude Include="src\api.h">
      <Filter>ヘッダー ファイル</Filter>
    </ClInclude>
    <ClInclude Include="src\ia32\regexp-macro-assembler-ia32.h">
      <Filter>ia32</Filter>
    </ClInclude>
    <ClInclude Include="src\ia32\simulator-ia32.h">
      <Filter>ia32</Filter>
    </ClInclude>
    <ClInclude Include="src\ia32\assembler-ia32.h">
      <Filter>ia32</Filter>
    </ClInclude>
    <ClInclude Include="src\ia32\assembler-ia32-inl.h">
      <Filter>ia32</Filter>
    </ClInclude>
    <ClInclude Include="src\ia32\codegen-ia32.h">
      <Filter>ia32</Filter>
    </ClInclude>
    <ClInclude Include="src\ia32\code-stubs-ia32.h">
      <Filter>ia32</Filter>
    </ClInclude>
    <ClInclude Include="src\ia32\frames-ia32.h">
      <Filter>ia32</Filter>
    </ClInclude>
    <ClInclude Include="src\ia32\lithium-codegen-ia32.h">
      <Filter>ia32</Filter>
    </ClInclude>
    <ClInclude Include="src\ia32\lithium-gap-resolver-ia32.h">
      <Filter>ia32</Filter>
    </ClInclude>
    <ClInclude Include="src\ia32\lithium-ia32.h">
      <Filter>ia32</Filter>
    </ClInclude>
    <ClInclude Include="src\ia32\macro-assembler-ia32.h">
      <Filter>ia32</Filter>
    </ClInclude>
    <ClInclude Include="src\scanner-character-streams.h">
      <Filter>ソース ファイル</Filter>
    </ClInclude>
    <ClInclude Include="src\scanner.h">
      <Filter>ソース ファイル</Filter>
    </ClInclude>
    <ClInclude Include="src\safepoint-table.h">
      <Filter>ソース ファイル</Filter>
    </ClInclude>
    <ClInclude Include="src\extensions\gc-extension.h">
      <Filter>extensions</Filter>
    </ClInclude>
    <ClInclude Include="src\extensions\statistics-extension.h">
      <Filter>extensions</Filter>
    </ClInclude>
    <ClInclude Include="src\extensions\externalize-string-extension.h">
      <Filter>extensions</Filter>
    </ClInclude>
  </ItemGroup>
  <ItemGroup>
    <ClCompile Include="src\variables.cc">
      <Filter>ソース ファイル</Filter>
    </ClCompile>
    <ClCompile Include="src\version.cc">
      <Filter>ソース ファイル</Filter>
    </ClCompile>
    <ClCompile Include="src\win32-math.cc">
      <Filter>ソース ファイル</Filter>
    </ClCompile>
    <ClCompile Include="src\zone.cc">
      <Filter>ソース ファイル</Filter>
    </ClCompile>
    <ClCompile Include="src\v8preparserdll-main.cc">
      <Filter>ソース ファイル</Filter>
    </ClCompile>
    <ClCompile Include="src\v8threads.cc">
      <Filter>ソース ファイル</Filter>
    </ClCompile>
    <ClCompile Include="src\v8utils.cc">
      <Filter>ソース ファイル</Filter>
    </ClCompile>
    <ClCompile Include="src\v8.cc">
      <Filter>ソース ファイル</Filter>
    </ClCompile>
    <ClCompile Include="src\v8conversions.cc">
      <Filter>ソース ファイル</Filter>
    </ClCompile>
    <ClCompile Include="src\v8-counters.cc">
      <Filter>ソース ファイル</Filter>
    </ClCompile>
    <ClCompile Include="src\utils.cc">
      <Filter>ソース ファイル</Filter>
    </ClCompile>
    <ClCompile Include="src\strtod.cc">
      <Filter>ソース ファイル</Filter>
    </ClCompile>
    <ClCompile Include="src\stub-cache.cc">
      <Filter>ソース ファイル</Filter>
    </ClCompile>
    <ClCompile Include="src\token.cc">
      <Filter>ソース ファイル</Filter>
    </ClCompile>
    <ClCompile Include="src\transitions.cc">
      <Filter>ソース ファイル</Filter>
    </ClCompile>
    <ClCompile Include="src\type-info.cc">
      <Filter>ソース ファイル</Filter>
    </ClCompile>
    <ClCompile Include="src\unicode.cc">
      <Filter>ソース ファイル</Filter>
    </ClCompile>
    <ClCompile Include="src\string-search.cc">
      <Filter>ソース ファイル</Filter>
    </ClCompile>
    <ClCompile Include="src\string-stream.cc">
      <Filter>ソース ファイル</Filter>
    </ClCompile>
    <ClCompile Include="src\serialize.cc">
      <Filter>ソース ファイル</Filter>
    </ClCompile>
    <ClCompile Include="src\snapshot-common.cc">
      <Filter>ソース ファイル</Filter>
    </ClCompile>
    <ClCompile Include="src\snapshot-empty.cc">
      <Filter>ソース ファイル</Filter>
    </ClCompile>
    <ClCompile Include="src\spaces.cc">
      <Filter>ソース ファイル</Filter>
    </ClCompile>
    <ClCompile Include="src\store-buffer.cc">
      <Filter>ソース ファイル</Filter>
    </ClCompile>
    <ClCompile Include="src\scopeinfo.cc">
      <Filter>ソース ファイル</Filter>
    </ClCompile>
    <ClCompile Include="src\scopes.cc">
      <Filter>ソース ファイル</Filter>
    </ClCompile>
    <ClCompile Include="src\regexp-macro-assembler-tracer.cc">
      <Filter>ソース ファイル</Filter>
    </ClCompile>
    <ClCompile Include="src\regexp-stack.cc">
      <Filter>ソース ファイル</Filter>
    </ClCompile>
    <ClCompile Include="src\rewriter.cc">
      <Filter>ソース ファイル</Filter>
    </ClCompile>
    <ClCompile Include="src\runtime.cc">
      <Filter>ソース ファイル</Filter>
    </ClCompile>
    <ClCompile Include="src\regexp-macro-assembler.cc">
      <Filter>ソース ファイル</Filter>
    </ClCompile>
    <ClCompile Include="src\regexp-macro-assembler-irregexp.cc">
      <Filter>ソース ファイル</Filter>
    </ClCompile>
    <ClCompile Include="src\platform-win32.cc">
      <Filter>ソース ファイル</Filter>
    </ClCompile>
    <ClCompile Include="src\preparse-data.cc">
      <Filter>ソース ファイル</Filter>
    </ClCompile>
    <ClCompile Include="src\preparser.cc">
      <Filter>ソース ファイル</Filter>
    </ClCompile>
    <ClCompile Include="src\prettyprinter.cc">
      <Filter>ソース ファイル</Filter>
    </ClCompile>
    <ClCompile Include="src\profile-generator.cc">
      <Filter>ソース ファイル</Filter>
    </ClCompile>
    <ClCompile Include="src\property.cc">
      <Filter>ソース ファイル</Filter>
    </ClCompile>
    <ClCompile Include="src\objects-debug.cc">
      <Filter>ソース ファイル</Filter>
    </ClCompile>
    <ClCompile Include="src\objects-printer.cc">
      <Filter>ソース ファイル</Filter>
    </ClCompile>
    <ClCompile Include="src\objects-visiting.cc">
      <Filter>ソース ファイル</Filter>
    </ClCompile>
    <ClCompile Include="src\once.cc">
      <Filter>ソース ファイル</Filter>
    </ClCompile>
    <ClCompile Include="src\optimizing-compiler-thread.cc">
      <Filter>ソース ファイル</Filter>
    </ClCompile>
    <ClCompile Include="src\parser.cc">
      <Filter>ソース ファイル</Filter>
    </ClCompile>
    <ClCompile Include="src\mksnapshot.cc">
      <Filter>ソース ファイル</Filter>
    </ClCompile>
    <ClCompile Include="src\objects.cc">
      <Filter>ソース ファイル</Filter>
    </ClCompile>
    <ClCompile Include="src\messages.cc">
      <Filter>ソース ファイル</Filter>
    </ClCompile>
    <ClCompile Include="src\mark-compact.cc">
      <Filter>ソース ファイル</Filter>
    </ClCompile>
    <ClCompile Include="src\log-utils.cc">
      <Filter>ソース ファイル</Filter>
    </ClCompile>
    <ClCompile Include="src\liveobjectlist.cc">
      <Filter>ソース ファイル</Filter>
    </ClCompile>
    <ClCompile Include="src\log.cc">
      <Filter>ソース ファイル</Filter>
    </ClCompile>
    <ClCompile Include="src\lithium.cc">
      <Filter>ソース ファイル</Filter>
    </ClCompile>
    <ClCompile Include="src\lithium-allocator.cc">
      <Filter>ソース ファイル</Filter>
    </ClCompile>
    <ClCompile Include="src\liveedit.cc">
      <Filter>ソース ファイル</Filter>
    </ClCompile>
    <ClCompile Include="src\jsregexp.cc">
      <Filter>ソース ファイル</Filter>
    </ClCompile>
    <ClCompile Include="src\diy-fp.cc">
      <Filter>ソース ファイル</Filter>
    </ClCompile>
    <ClCompile Include="src\dtoa.cc">
      <Filter>ソース ファイル</Filter>
    </ClCompile>
    <ClCompile Include="src\elements.cc">
      <Filter>ソース ファイル</Filter>
    </ClCompile>
    <ClCompile Include="src\elements-kind.cc">
      <Filter>ソース ファイル</Filter>
    </ClCompile>
    <ClCompile Include="src\execution.cc">
      <Filter>ソース ファイル</Filter>
    </ClCompile>
    <ClCompile Include="src\factory.cc">
      <Filter>ソース ファイル</Filter>
    </ClCompile>
    <ClCompile Include="src\fast-dtoa.cc">
      <Filter>ソース ファイル</Filter>
    </ClCompile>
    <ClCompile Include="src\fixed-dtoa.cc">
      <Filter>ソース ファイル</Filter>
    </ClCompile>
    <ClCompile Include="src\flags.cc">
      <Filter>ソース ファイル</Filter>
    </ClCompile>
    <ClCompile Include="src\frames.cc">
      <Filter>ソース ファイル</Filter>
    </ClCompile>
    <ClCompile Include="src\full-codegen.cc">
      <Filter>ソース ファイル</Filter>
    </ClCompile>
    <ClCompile Include="src\func-name-inferrer.cc">
      <Filter>ソース ファイル</Filter>
    </ClCompile>
    <ClCompile Include="src\gdb-jit.cc">
      <Filter>ソース ファイル</Filter>
    </ClCompile>
    <ClCompile Include="src\global-handles.cc">
      <Filter>ソース ファイル</Filter>
    </ClCompile>
    <ClCompile Include="src\handles.cc">
      <Filter>ソース ファイル</Filter>
    </ClCompile>
    <ClCompile Include="src\heap.cc">
      <Filter>ソース ファイル</Filter>
    </ClCompile>
    <ClCompile Include="src\heap-profiler.cc">
      <Filter>ソース ファイル</Filter>
    </ClCompile>
    <ClCompile Include="src\hydrogen.cc">
      <Filter>ソース ファイル</Filter>
    </ClCompile>
    <ClCompile Include="src\hydrogen-instructions.cc">
      <Filter>ソース ファイル</Filter>
    </ClCompile>
    <ClCompile Include="src\ic.cc">
      <Filter>ソース ファイル</Filter>
    </ClCompile>
    <ClCompile Include="src\incremental-marking.cc">
      <Filter>ソース ファイル</Filter>
    </ClCompile>
    <ClCompile Include="src\inspector.cc">
      <Filter>ソース ファイル</Filter>
    </ClCompile>
    <ClCompile Include="src\interface.cc">
      <Filter>ソース ファイル</Filter>
    </ClCompile>
    <ClCompile Include="src\interpreter-irregexp.cc">
      <Filter>ソース ファイル</Filter>
    </ClCompile>
    <ClCompile Include="src\isolate.cc">
      <Filter>ソース ファイル</Filter>
    </ClCompile>
    <ClCompile Include="src\deoptimizer.cc">
      <Filter>ソース ファイル</Filter>
    </ClCompile>
    <ClCompile Include="src\disassembler.cc">
      <Filter>ソース ファイル</Filter>
    </ClCompile>
    <ClCompile Include="src\debug-agent.cc">
      <Filter>ソース ファイル</Filter>
    </ClCompile>
    <ClCompile Include="src\dateparser.cc">
      <Filter>ソース ファイル</Filter>
    </ClCompile>
    <ClCompile Include="src\debug.cc">
      <Filter>ソース ファイル</Filter>
    </ClCompile>
    <ClCompile Include="src\date.cc">
      <Filter>ソース ファイル</Filter>
    </ClCompile>
    <ClCompile Include="src\data-flow.cc">
      <Filter>ソース ファイル</Filter>
    </ClCompile>
    <ClCompile Include="src\contexts.cc">
      <Filter>ソース ファイル</Filter>
    </ClCompile>
    <ClCompile Include="src\conversions.cc">
      <Filter>ソース ファイル</Filter>
    </ClCompile>
    <ClCompile Include="src\counters.cc">
      <Filter>ソース ファイル</Filter>
    </ClCompile>
    <ClCompile Include="src\cpu-profiler.cc">
      <Filter>ソース ファイル</Filter>
    </ClCompile>
    <ClCompile Include="src\compilation-cache.cc">
      <Filter>ソース ファイル</Filter>
    </ClCompile>
    <ClCompile Include="src\compiler.cc">
      <Filter>ソース ファイル</Filter>
    </ClCompile>
    <ClCompile Include="src\bignum.cc">
      <Filter>ソース ファイル</Filter>
    </ClCompile>
    <ClCompile Include="src\bignum-dtoa.cc">
      <Filter>ソース ファイル</Filter>
    </ClCompile>
    <ClCompile Include="src\bootstrapper.cc">
      <Filter>ソース ファイル</Filter>
    </ClCompile>
    <ClCompile Include="src\builtins.cc">
      <Filter>ソース ファイル</Filter>
    </ClCompile>
    <ClCompile Include="src\cached-powers.cc">
      <Filter>ソース ファイル</Filter>
    </ClCompile>
    <ClCompile Include="src\checks.cc">
      <Filter>ソース ファイル</Filter>
    </ClCompile>
    <ClCompile Include="src\circular-queue.cc">
      <Filter>ソース ファイル</Filter>
    </ClCompile>
    <ClCompile Include="src\codegen.cc">
      <Filter>ソース ファイル</Filter>
    </ClCompile>
    <ClCompile Include="src\code-stubs.cc">
      <Filter>ソース ファイル</Filter>
    </ClCompile>
    <ClCompile Include="src\atomicops_internals_x86_gcc.cc">
      <Filter>ソース ファイル</Filter>
    </ClCompile>
    <ClCompile Include="src\ast.cc">
      <Filter>ソース ファイル</Filter>
    </ClCompile>
    <ClCompile Include="src\assembler.cc">
      <Filter>ソース ファイル</Filter>
    </ClCompile>
    <ClCompile Include="src\allocation.cc">
      <Filter>ソース ファイル</Filter>
    </ClCompile>
    <ClCompile Include="src\api.cc">
      <Filter>ソース ファイル</Filter>
    </ClCompile>
    <ClCompile Include="src\accessors.cc">
      <Filter>ソース ファイル</Filter>
    </ClCompile>
    <ClCompile Include="src\ia32\simulator-ia32.cc">
      <Filter>ia32</Filter>
    </ClCompile>
    <ClCompile Include="src\ia32\stub-cache-ia32.cc">
      <Filter>ia32</Filter>
    </ClCompile>
    <ClCompile Include="src\ia32\assembler-ia32.cc">
      <Filter>ia32</Filter>
    </ClCompile>
    <ClCompile Include="src\ia32\builtins-ia32.cc">
      <Filter>ia32</Filter>
    </ClCompile>
    <ClCompile Include="src\ia32\codegen-ia32.cc">
      <Filter>ia32</Filter>
    </ClCompile>
    <ClCompile Include="src\ia32\code-stubs-ia32.cc">
      <Filter>ia32</Filter>
    </ClCompile>
    <ClCompile Include="src\ia32\cpu-ia32.cc">
      <Filter>ia32</Filter>
    </ClCompile>
    <ClCompile Include="src\ia32\debug-ia32.cc">
      <Filter>ia32</Filter>
    </ClCompile>
    <ClCompile Include="src\ia32\deoptimizer-ia32.cc">
      <Filter>ia32</Filter>
    </ClCompile>
    <ClCompile Include="src\ia32\disasm-ia32.cc">
      <Filter>ia32</Filter>
    </ClCompile>
    <ClCompile Include="src\ia32\frames-ia32.cc">
      <Filter>ia32</Filter>
    </ClCompile>
    <ClCompile Include="src\ia32\full-codegen-ia32.cc">
      <Filter>ia32</Filter>
    </ClCompile>
    <ClCompile Include="src\ia32\ic-ia32.cc">
      <Filter>ia32</Filter>
    </ClCompile>
    <ClCompile Include="src\ia32\lithium-codegen-ia32.cc">
      <Filter>ia32</Filter>
    </ClCompile>
    <ClCompile Include="src\ia32\lithium-gap-resolver-ia32.cc">
      <Filter>ia32</Filter>
    </ClCompile>
    <ClCompile Include="src\ia32\lithium-ia32.cc">
      <Filter>ia32</Filter>
    </ClCompile>
    <ClCompile Include="src\ia32\macro-assembler-ia32.cc">
      <Filter>ia32</Filter>
    </ClCompile>
    <ClCompile Include="src\ia32\regexp-macro-assembler-ia32.cc">
      <Filter>ia32</Filter>
    </ClCompile>
    <ClCompile Include="src\runtime-profiler.cc">
      <Filter>ソース ファイル</Filter>
    </ClCompile>
    <ClCompile Include="src\scanner-character-streams.cc">
      <Filter>ソース ファイル</Filter>
    </ClCompile>
    <ClCompile Include="src\scanner.cc">
      <Filter>ソース ファイル</Filter>
    </ClCompile>
    <ClCompile Include="obj\release\libraries.cc">
      <Filter>ソース ファイル</Filter>
    </ClCompile>
    <ClCompile Include="src\safepoint-table.cc">
      <Filter>ソース ファイル</Filter>
    </ClCompile>
    <ClCompile Include="obj\release\experimental-libraries.cc">
      <Filter>ソース ファイル</Filter>
    </ClCompile>
    <ClCompile Include="src\extensions\statistics-extension.cc">
      <Filter>extensions</Filter>
    </ClCompile>
    <ClCompile Include="src\extensions\externalize-string-extension.cc">
      <Filter>extensions</Filter>
    </ClCompile>
    <ClCompile Include="src\extensions\gc-extension.cc">
      <Filter>extensions</Filter>
    </ClCompile>
  </ItemGroup>
</Project>